{
  "lockfileVersion": 1,
  "workspaces": {
    "": {
      "name": "11ty-pst",
      "dependencies": {
        "@myriaddreamin/typst-ts-node-compiler": "^0.7.0-rc1",
      },
      "devDependencies": {
        "@types/bun": "latest",
      },
      "peerDependencies": {
        "typescript": "^5.9.2",
      },
    },
  },
  "packages": {
    "@myriaddreamin/typst-ts-node-compiler": ["@myriaddreamin/typst-ts-node-compiler@0.7.0-rc1", "", { "optionalDependencies": { "@myriaddreamin/typst-ts-node-compiler-android-arm-eabi": "0.7.0-rc1", "@myriaddreamin/typst-ts-node-compiler-android-arm64": "0.7.0-rc1", "@myriaddreamin/typst-ts-node-compiler-darwin-arm64": "0.7.0-rc1", "@myriaddreamin/typst-ts-node-compiler-darwin-x64": "0.7.0-rc1", "@myriaddreamin/typst-ts-node-compiler-linux-arm-gnueabihf": "0.7.0-rc1", "@myriaddreamin/typst-ts-node-compiler-linux-arm64-gnu": "0.7.0-rc1", "@myriaddreamin/typst-ts-node-compiler-linux-arm64-musl": "0.7.0-rc1", "@myriaddreamin/typst-ts-node-compiler-linux-x64-gnu": "0.7.0-rc1", "@myriaddreamin/typst-ts-node-compiler-linux-x64-musl": "0.7.0-rc1", "@myriaddreamin/typst-ts-node-compiler-win32-arm64-msvc": "0.7.0-rc1", "@myriaddreamin/typst-ts-node-compiler-win32-x64-msvc": "0.7.0-rc1" } }, "sha512-SKtuAXsQAhYOThDVj8jaWMKrVUcSumgOisGjlCChAQYGKQQQ3T0Ks6O34td8tPxBlaqfEzKRidNxYT+20yVKpA=="],

    "@myriaddreamin/typst-ts-node-compiler-android-arm-eabi": ["@myriaddreamin/typst-ts-node-compiler-android-arm-eabi@0.7.0-rc1", "", { "os": "android", "cpu": "arm" }, "sha512-RCQIrcvEow+n5FZRBUDBgXFJEH23/l2sm4ODsAVKDuyT0HARfHHJtxjbnYriVF4oLp3q2n9Vst/DkbOGczzHiQ=="],

    "@myriaddreamin/typst-ts-node-compiler-android-arm64": ["@myriaddreamin/typst-ts-node-compiler-android-arm64@0.7.0-rc1", "", { "os": "android", "cpu": "arm64" }, "sha512-CGnwtw2KAP5VoKrqjHAy7setrPMm4mtUmqDCbQih7wyBIvL4al6lGK6zJIoRamLqFBX+eLAuBQcEcT6kTrvP4w=="],

    "@myriaddreamin/typst-ts-node-compiler-darwin-arm64": ["@myriaddreamin/typst-ts-node-compiler-darwin-arm64@0.7.0-rc1", "", { "os": "darwin", "cpu": "arm64" }, "sha512-iE9jJY7X9Dbyf5ONhAlqIAo1hLA6cDj0VMjmdTRjzLWoCEhDqQQk37yUZbyRkCvqtSM7zqGz4QXsvphx7Qg1yg=="],

    "@myriaddreamin/typst-ts-node-compiler-darwin-x64": ["@myriaddreamin/typst-ts-node-compiler-darwin-x64@0.7.0-rc1", "", { "os": "darwin", "cpu": "x64" }, "sha512-DLu8yZCLSJQFvzHh9Kjd4ZzNazEYv/J6wOVZPiTgWv7GncOj0C6KLjIfemNhSHbXeoXwiBvo81CCXt5d2BinwA=="],

    "@myriaddreamin/typst-ts-node-compiler-linux-arm-gnueabihf": ["@myriaddreamin/typst-ts-node-compiler-linux-arm-gnueabihf@0.7.0-rc1", "", { "os": "linux", "cpu": "arm" }, "sha512-C110dpw0UG0O6bN2ASK4aQUnprT1NU5gRSUHQ3GcmiyrY2doD/6Mhy/rhYdgQ/jx/XahrZON+iFIDNm17rqbfg=="],

    "@myriaddreamin/typst-ts-node-compiler-linux-arm64-gnu": ["@myriaddreamin/typst-ts-node-compiler-linux-arm64-gnu@0.7.0-rc1", "", { "os": "linux", "cpu": "arm64" }, "sha512-TwlYVhyvpXgG06S/iABKLKEHekQAjjwgs3TUd6mbvGb+K+B8BQcOIPZlixoViUBPCKKr2HpEJTaFrC8NPJ+UNw=="],

    "@myriaddreamin/typst-ts-node-compiler-linux-arm64-musl": ["@myriaddreamin/typst-ts-node-compiler-linux-arm64-musl@0.7.0-rc1", "", { "os": "linux", "cpu": "arm64" }, "sha512-ka4BXZSDvbTMLQ/4IxsWUzAyOJrAmMKAg1ZbEGHwVBwSY+etRyH8nSKAu3tKKTd5Ncf/Vr20fj5sHj+SCgENHA=="],

    "@myriaddreamin/typst-ts-node-compiler-linux-x64-gnu": ["@myriaddreamin/typst-ts-node-compiler-linux-x64-gnu@0.7.0-rc1", "", { "os": "linux", "cpu": "x64" }, "sha512-OMYB6gLpi6DJ4mcjQ0AJM7h2J9cT3R6DjllX+DtrNRHhJ9QeSkMOrkRuWuUDW+OmZdMUHCV/AVnv0nRkvl7HXQ=="],

    "@myriaddreamin/typst-ts-node-compiler-linux-x64-musl": ["@myriaddreamin/typst-ts-node-compiler-linux-x64-musl@0.7.0-rc1", "", { "os": "linux", "cpu": "x64" }, "sha512-InTVBZpX3SEKA/0ReEwsdX8c5Jg5XuUgCM4K5Vh6bB25pgXxa+Tc/IT0LwzLBwSJ20Jl1DELi3W1VOC5F/+TNQ=="],

    "@myriaddreamin/typst-ts-node-compiler-win32-arm64-msvc": ["@myriaddreamin/typst-ts-node-compiler-win32-arm64-msvc@0.7.0-rc1", "", { "os": "win32", "cpu": "arm64" }, "sha512-TKPMIk0nGZAhC5z5LocOfigYqBhw0IWZXinKUHLJ9POZUIdr/68F9KOBam2cjVya7HCgshjBSPJ9DDx0dSFyrQ=="],

    "@myriaddreamin/typst-ts-node-compiler-win32-x64-msvc": ["@myriaddreamin/typst-ts-node-compiler-win32-x64-msvc@0.7.0-rc1", "", { "os": "win32", "cpu": "x64" }, "sha512-NuwuVyNWWSDbQXyhnMOZCp5fSI5mQT9/DESUB7lkLEqt+wH6x3EIpKq5dIyYPe7LDms4/xxz+aI0r/RgkXkgTA=="],

    "@types/bun": ["@types/bun@1.3.2", "", { "dependencies": { "bun-types": "1.3.2" } }, "sha512-t15P7k5UIgHKkxwnMNkJbWlh/617rkDGEdSsDbu+qNHTaz9SKf7aC8fiIlUdD5RPpH6GEkP0cK7WlvmrEBRtWg=="],

    "@types/node": ["@types/node@24.5.2", "", { "dependencies": { "undici-types": "~7.12.0" } }, "sha512-FYxk1I7wPv3K2XBaoyH2cTnocQEu8AOZ60hPbsyukMPLv5/5qr7V1i8PLHdl6Zf87I+xZXFvPCXYjiTFq+YSDQ=="],

    "@types/react": ["@types/react@19.1.13", "", { "dependencies": { "csstype": "^3.0.2" } }, "sha512-hHkbU/eoO3EG5/MZkuFSKmYqPbSVk5byPFa3e7y/8TybHiLMACgI8seVYlicwk7H5K/rI2px9xrQp/C+AUDTiQ=="],

    "bun-types": ["bun-types@1.3.2", "", { "dependencies": { "@types/node": "*" }, "peerDependencies": { "@types/react": "^19" } }, "sha512-i/Gln4tbzKNuxP70OWhJRZz1MRfvqExowP7U6JKoI8cntFrtxg7RJK3jvz7wQW54UuvNC8tbKHHri5fy74FVqg=="],

    "csstype": ["csstype@3.1.3", "", {}, "sha512-M1uQkMl8rQK/szD0LNhtqxIPLpimGm8sOBwU7lLnCpSbTyY3yeU1Vc7l4KT5zT4s/yOxHH5O7tIuuLOCnLADRw=="],

    "typescript": ["typescript@5.9.2", "", { "bin": { "tsc": "bin/tsc", "tsserver": "bin/tsserver" } }, "sha512-CWBzXQrc/qOkhidw1OzBTQuYRbfyxDXJMVJ1XNwUHGROVmuaeiEm3OslpZ1RV96d7SKKjZKrSJu3+t/xlw3R9A=="],

    "undici-types": ["undici-types@7.12.0", "", {}, "sha512-goOacqME2GYyOZZfb5Lgtu+1IDmAlAEu5xnD3+xTzS10hT0vzpf0SPjkXwAw9Jm+4n/mQGDP3LO8CPbYROeBfQ=="],
  }
}
