{
  "lockfileVersion": 1,
  "configVersion": 0,
  "workspaces": {
    "": {
      "name": "11ty-pst",
      "dependencies": {
        "@myriaddreamin/typst-ts-node-compiler": "^0.7.0-rc1",
      },
      "devDependencies": {
        "@types/bun": "latest",
      },
      "peerDependencies": {
        "typescript": "^5.9.2",
      },
    },
  },
  "packages": {
    "@myriaddreamin/typst-ts-node-compiler": ["@myriaddreamin/typst-ts-node-compiler@0.7.0-rc2", "", { "optionalDependencies": { "@myriaddreamin/typst-ts-node-compiler-android-arm-eabi": "0.7.0-rc2", "@myriaddreamin/typst-ts-node-compiler-android-arm64": "0.7.0-rc2", "@myriaddreamin/typst-ts-node-compiler-darwin-arm64": "0.7.0-rc2", "@myriaddreamin/typst-ts-node-compiler-darwin-x64": "0.7.0-rc2", "@myriaddreamin/typst-ts-node-compiler-linux-arm-gnueabihf": "0.7.0-rc2", "@myriaddreamin/typst-ts-node-compiler-linux-arm64-gnu": "0.7.0-rc2", "@myriaddreamin/typst-ts-node-compiler-linux-arm64-musl": "0.7.0-rc2", "@myriaddreamin/typst-ts-node-compiler-linux-x64-gnu": "0.7.0-rc2", "@myriaddreamin/typst-ts-node-compiler-linux-x64-musl": "0.7.0-rc2", "@myriaddreamin/typst-ts-node-compiler-win32-arm64-msvc": "0.7.0-rc2", "@myriaddreamin/typst-ts-node-compiler-win32-x64-msvc": "0.7.0-rc2" } }, "sha512-a4Vicil6Tu0S87C3+J2EMtFDdQEmT18zYAW6Srmt32lgjrTq3HLy+WN0lA/bgaBgw2wNEkXdogz3yRg49vXs8w=="],

    "@myriaddreamin/typst-ts-node-compiler-android-arm-eabi": ["@myriaddreamin/typst-ts-node-compiler-android-arm-eabi@0.7.0-rc2", "", { "os": "android", "cpu": "arm" }, "sha512-OnfUH3XbGel3+QUZc4G3+V1npXYGCDc3b7WhFw88ihCH/Xpw+NNjidLrFkY6kK2a5vVHnY2AEG0hJSwZzvOw0Q=="],

    "@myriaddreamin/typst-ts-node-compiler-android-arm64": ["@myriaddreamin/typst-ts-node-compiler-android-arm64@0.7.0-rc2", "", { "os": "android", "cpu": "arm64" }, "sha512-LR76t0jXcKp0F0vMViinS6+RBxyTFqBUFiUoZcGRPQD/DhLNBReTS7tJ14Jp5Mwuqe76RUshSeQSrKbJUoaQ3A=="],

    "@myriaddreamin/typst-ts-node-compiler-darwin-arm64": ["@myriaddreamin/typst-ts-node-compiler-darwin-arm64@0.7.0-rc2", "", { "os": "darwin", "cpu": "arm64" }, "sha512-xJndoR6Kn6UUYQDui41R7tx/avpfyY6c8dV5udyHP5FkeUSVgRAoFcjOtlI9Lpc84alFusIPwp4QR6V+xjOAhA=="],

    "@myriaddreamin/typst-ts-node-compiler-darwin-x64": ["@myriaddreamin/typst-ts-node-compiler-darwin-x64@0.7.0-rc2", "", { "os": "darwin", "cpu": "x64" }, "sha512-kmh37eshR40LVAM6P59uLWEYt5ffyUhKWcBOzsd/1QYNtsH28kLRUOShugAdxQN164Re+47z2nkSgd7HejASFg=="],

    "@myriaddreamin/typst-ts-node-compiler-linux-arm-gnueabihf": ["@myriaddreamin/typst-ts-node-compiler-linux-arm-gnueabihf@0.7.0-rc2", "", { "os": "linux", "cpu": "arm" }, "sha512-giroa96wdN0mxARN1NbRrKp9t+qqUNUSBzWBQp1RMPqGNPwtahEqJnpf5zmRSrEJYhEzVZbs9+CwxFjj5lw7VQ=="],

    "@myriaddreamin/typst-ts-node-compiler-linux-arm64-gnu": ["@myriaddreamin/typst-ts-node-compiler-linux-arm64-gnu@0.7.0-rc2", "", { "os": "linux", "cpu": "arm64" }, "sha512-pDdc6hQrGdqr0BT+nNe0tJmdcmyp9yhn3WDeGlTi4YpYG2IybP7fBVIwDI3Mzr/IdCMtPbQxew4AfmAoJwIz6A=="],

    "@myriaddreamin/typst-ts-node-compiler-linux-arm64-musl": ["@myriaddreamin/typst-ts-node-compiler-linux-arm64-musl@0.7.0-rc2", "", { "os": "linux", "cpu": "arm64" }, "sha512-wNEYhpjuwnhd7VrArL4EHd652z8YEGxG6C8haUjkVhGseFBetrL51yD1Ymg5fWEa+3+O4oZ1+IUN0Fu4/fKgHw=="],

    "@myriaddreamin/typst-ts-node-compiler-linux-x64-gnu": ["@myriaddreamin/typst-ts-node-compiler-linux-x64-gnu@0.7.0-rc2", "", { "os": "linux", "cpu": "x64" }, "sha512-Z4i78r5MtFDYGHqgYrWfAcvqb3xW49WlLI35l1G818lYmkmGZAjAkVKb946ChOx+bBQIuMWefykCABLOlBkgKA=="],

    "@myriaddreamin/typst-ts-node-compiler-linux-x64-musl": ["@myriaddreamin/typst-ts-node-compiler-linux-x64-musl@0.7.0-rc2", "", { "os": "linux", "cpu": "x64" }, "sha512-PXteqxa3RITEh5v3lQ4c5VGn16KHvUKVXjSZ2BudCe6C0gEuOO16JS9JU8DZVwd0dbtH0Mky6Q5V7tf6erpXGA=="],

    "@myriaddreamin/typst-ts-node-compiler-win32-arm64-msvc": ["@myriaddreamin/typst-ts-node-compiler-win32-arm64-msvc@0.7.0-rc2", "", { "os": "win32", "cpu": "arm64" }, "sha512-wN1tjdRxabJzT8WuDVdOs2QKQuMzKht3QWPU/H7OjuDta1WcrYs/3IKnF67HNiphe/33MU8bKeih2GBVU+AuLg=="],

    "@myriaddreamin/typst-ts-node-compiler-win32-x64-msvc": ["@myriaddreamin/typst-ts-node-compiler-win32-x64-msvc@0.7.0-rc2", "", { "os": "win32", "cpu": "x64" }, "sha512-6DUe2iepqptLkJsOdUC4yHWM3/USCW82YieA+lPAeky37XSJ5KuLuLL6zOQiQt3IWot7jB+m9oKIvBqJh7yriA=="],

    "@types/bun": ["@types/bun@1.3.5", "", { "dependencies": { "bun-types": "1.3.5" } }, "sha512-RnygCqNrd3srIPEWBd5LFeUYG7plCoH2Yw9WaZGyNmdTEei+gWaHqydbaIRkIkcbXwhBT94q78QljxN0Sk838w=="],

    "@types/node": ["@types/node@24.5.2", "", { "dependencies": { "undici-types": "~7.12.0" } }, "sha512-FYxk1I7wPv3K2XBaoyH2cTnocQEu8AOZ60hPbsyukMPLv5/5qr7V1i8PLHdl6Zf87I+xZXFvPCXYjiTFq+YSDQ=="],

    "bun-types": ["bun-types@1.3.5", "", { "dependencies": { "@types/node": "*" } }, "sha512-inmAYe2PFLs0SUbFOWSVD24sg1jFlMPxOjOSSCYqUgn4Hsc3rDc7dFvfVYjFPNHtov6kgUeulV4SxbuIV/stPw=="],

    "typescript": ["typescript@5.9.2", "", { "bin": { "tsc": "bin/tsc", "tsserver": "bin/tsserver" } }, "sha512-CWBzXQrc/qOkhidw1OzBTQuYRbfyxDXJMVJ1XNwUHGROVmuaeiEm3OslpZ1RV96d7SKKjZKrSJu3+t/xlw3R9A=="],

    "undici-types": ["undici-types@7.12.0", "", {}, "sha512-goOacqME2GYyOZZfb5Lgtu+1IDmAlAEu5xnD3+xTzS10hT0vzpf0SPjkXwAw9Jm+4n/mQGDP3LO8CPbYROeBfQ=="],
  }
}
